
Microsoft Visual Studio Solution File, Format Version 12.00
# Visual Studio Version 17
VisualStudioVersion = 17.3.32825.248
MinimumVisualStudioVersion = 10.0.40219.1
Project("{9A19103F-16F7-4668-BE54-9A1E7A4F7556}") = "Tcg.Owin.Cookies.SessionStore.Redis", "src\Tcg.Owin.Cookies.SessionStore.Redis\Tcg.Owin.Cookies.SessionStore.Redis.csproj", "{3310E583-2DF6-4175-90B0-9419B3CF08FE}"
EndProject
Project("{9A19103F-16F7-4668-BE54-9A1E7A4F7556}") = "Tcg.Owin.Cookies.SessionStore.Memory", "src\Tcg.Owin.Cookies.SessionStore.Memory\Tcg.Owin.Cookies.SessionStore.Memory.csproj", "{A75A2BCD-50DD-4747-ADE9-D3C6F88E922D}"
EndProject
Project("{2150E333-8FDC-42A3-9474-1A3956D46DE8}") = "Solution Items", "Solution Items", "{15EF2D76-72B9-4529-B06D-FA214E50BC8E}"
	ProjectSection(SolutionItems) = preProject
		appveyor.yml = appveyor.yml
	EndProjectSection
EndProject
Global
	GlobalSection(SolutionConfigurationPlatforms) = preSolution
		Debug|Any CPU = Debug|Any CPU
		Release|Any CPU = Release|Any CPU
	EndGlobalSection
	GlobalSection(ProjectConfigurationPlatforms) = postSolution
		{3310E583-2DF6-4175-90B0-9419B3CF08FE}.Debug|Any CPU.ActiveCfg = Debug|Any CPU
		{3310E583-2DF6-4175-90B0-9419B3CF08FE}.Debug|Any CPU.Build.0 = Debug|Any CPU
		{3310E583-2DF6-4175-90B0-9419B3CF08FE}.Release|Any CPU.ActiveCfg = Release|Any CPU
		{3310E583-2DF6-4175-90B0-9419B3CF08FE}.Release|Any CPU.Build.0 = Release|Any CPU
		{A75A2BCD-50DD-4747-ADE9-D3C6F88E922D}.Debug|Any CPU.ActiveCfg = Debug|Any CPU
		{A75A2BCD-50DD-4747-ADE9-D3C6F88E922D}.Debug|Any CPU.Build.0 = Debug|Any CPU
		{A75A2BCD-50DD-4747-ADE9-D3C6F88E922D}.Release|Any CPU.ActiveCfg = Release|Any CPU
		{A75A2BCD-50DD-4747-ADE9-D3C6F88E922D}.Release|Any CPU.Build.0 = Release|Any CPU
	EndGlobalSection
	GlobalSection(SolutionProperties) = preSolution
		HideSolutionNode = FALSE
	EndGlobalSection
	GlobalSection(ExtensibilityGlobals) = postSolution
		SolutionGuid = {B750341C-A22D-47D6-9065-AAFCA45D3675}
	EndGlobalSection
EndGlobal
